
Microsoft Visual Studio Solution File, Format Version 12.00
# Visual Studio Version 17
VisualStudioVersion = 17.1.32210.238
MinimumVisualStudioVersion = 10.0.40219.1
Project("{FAE04EC0-301F-11D3-BF4B-00C04F79EFBC}") = "Ex006", "Ex006\Ex006.csproj", "{801DBAAA-6FB3-4C1D-9448-B71293655040}"
EndProject
Global
	GlobalSection(SolutionConfigurationPlatforms) = preSolution
		Debug|Any CPU = Debug|Any CPU
		Release|Any CPU = Release|Any CPU
	EndGlobalSection
	GlobalSection(ProjectConfigurationPlatforms) = postSolution
		{801DBAAA-6FB3-4C1D-9448-B71293655040}.Debug|Any CPU.ActiveCfg = Debug|Any CPU
		{801DBAAA-6FB3-4C1D-9448-B71293655040}.Debug|Any CPU.Build.0 = Debug|Any CPU
		{801DBAAA-6FB3-4C1D-9448-B71293655040}.Release|Any CPU.ActiveCfg = Release|Any CPU
		{801DBAAA-6FB3-4C1D-9448-B71293655040}.Release|Any CPU.Build.0 = Release|Any CPU
	EndGlobalSection
	GlobalSection(SolutionProperties) = preSolution
		HideSolutionNode = FALSE
	EndGlobalSection
	GlobalSection(ExtensibilityGlobals) = postSolution
		SolutionGuid = {9A8E529D-9613-467B-81A0-23590C802A38}
	EndGlobalSection
EndGlobal
